
Microsoft Visual Studio Solution File, Format Version 12.00
# Visual Studio 15
VisualStudioVersion = 15.0.27004.2010
MinimumVisualStudioVersion = 10.0.40219.1
Project("{FAE04EC0-301F-11D3-BF4B-00C04F79EFBC}") = "SEB_Core_WebAPI", "SEB_Core_WebAPI\SEB_Core_WebAPI.csproj", "{C35A7F0E-36B6-4830-939F-8B96363D4712}"
EndProject
Global
	GlobalSection(SolutionConfigurationPlatforms) = preSolution
		Debug|Any CPU = Debug|Any CPU
		Release|Any CPU = Release|Any CPU
	EndGlobalSection
	GlobalSection(ProjectConfigurationPlatforms) = postSolution
		{C35A7F0E-36B6-4830-939F-8B96363D4712}.Debug|Any CPU.ActiveCfg = Debug|Any CPU
		{C35A7F0E-36B6-4830-939F-8B96363D4712}.Debug|Any CPU.Build.0 = Debug|Any CPU
		{C35A7F0E-36B6-4830-939F-8B96363D4712}.Release|Any CPU.ActiveCfg = Release|Any CPU
		{C35A7F0E-36B6-4830-939F-8B96363D4712}.Release|Any CPU.Build.0 = Release|Any CPU
	EndGlobalSection
	GlobalSection(SolutionProperties) = preSolution
		HideSolutionNode = FALSE
	EndGlobalSection
	GlobalSection(ExtensibilityGlobals) = postSolution
		SolutionGuid = {BB170C8A-C41F-43BE-A911-2B0519ECEBC3}
	EndGlobalSection
EndGlobal
